
Microsoft Visual Studio Solution File, Format Version 12.00
# Visual Studio 15
Project("{FAE04EC0-301F-11D3-BF4B-00C04F79EFBC}") = "Notification", "Notification\Notification.csproj", "{EFF0A0E0-FA98-47FC-A14A-0F298D65E432}"
EndProject
Project("{E53339B2-1760-4266-BCC7-CA923CBCF16C}") = "docker-compose", "docker-compose.dcproj", "{721497D5-A9DA-4A8B-A399-5E2DB97B2B95}"
EndProject
Global
	GlobalSection(SolutionConfigurationPlatforms) = preSolution
		Debug|Any CPU = Debug|Any CPU
		Release|Any CPU = Release|Any CPU
	EndGlobalSection
	GlobalSection(ProjectConfigurationPlatforms) = postSolution
		{EFF0A0E0-FA98-47FC-A14A-0F298D65E432}.Debug|Any CPU.ActiveCfg = Debug|Any CPU
		{EFF0A0E0-FA98-47FC-A14A-0F298D65E432}.Debug|Any CPU.Build.0 = Debug|Any CPU
		{EFF0A0E0-FA98-47FC-A14A-0F298D65E432}.Release|Any CPU.ActiveCfg = Release|Any CPU
		{EFF0A0E0-FA98-47FC-A14A-0F298D65E432}.Release|Any CPU.Build.0 = Release|Any CPU
		{721497D5-A9DA-4A8B-A399-5E2DB97B2B95}.Debug|Any CPU.ActiveCfg = Debug|Any CPU
		{721497D5-A9DA-4A8B-A399-5E2DB97B2B95}.Debug|Any CPU.Build.0 = Debug|Any CPU
		{721497D5-A9DA-4A8B-A399-5E2DB97B2B95}.Release|Any CPU.ActiveCfg = Release|Any CPU
		{721497D5-A9DA-4A8B-A399-5E2DB97B2B95}.Release|Any CPU.Build.0 = Release|Any CPU
	EndGlobalSection
EndGlobal
