
Microsoft Visual Studio Solution File, Format Version 12.00
# Visual Studio 15
Project("{FAE04EC0-301F-11D3-BF4B-00C04F79EFBC}") = "Day5Class", "Day5Class\Day5Class.csproj", "{847DD7E2-EB05-4466-8530-5F2BD1DFB89D}"
EndProject
Global
	GlobalSection(SolutionConfigurationPlatforms) = preSolution
		Debug|Any CPU = Debug|Any CPU
		Release|Any CPU = Release|Any CPU
	EndGlobalSection
	GlobalSection(ProjectConfigurationPlatforms) = postSolution
		{847DD7E2-EB05-4466-8530-5F2BD1DFB89D}.Debug|Any CPU.ActiveCfg = Debug|Any CPU
		{847DD7E2-EB05-4466-8530-5F2BD1DFB89D}.Debug|Any CPU.Build.0 = Debug|Any CPU
		{847DD7E2-EB05-4466-8530-5F2BD1DFB89D}.Release|Any CPU.ActiveCfg = Release|Any CPU
		{847DD7E2-EB05-4466-8530-5F2BD1DFB89D}.Release|Any CPU.Build.0 = Release|Any CPU
	EndGlobalSection
EndGlobal
